
Microsoft Visual Studio Solution File, Format Version 12.00
# Visual Studio 15
VisualStudioVersion = 15.0.28307.572
MinimumVisualStudioVersion = 10.0.40219.1
Project("{FAE04EC0-301F-11D3-BF4B-00C04F79EFBC}") = "SockServer", "SockServer\SockServer.csproj", "{14BDED74-CA00-4C35-A192-CA8A59DC67C3}"
EndProject
Global
	GlobalSection(SolutionConfigurationPlatforms) = preSolution
		Debug|Any CPU = Debug|Any CPU
		Release|Any CPU = Release|Any CPU
	EndGlobalSection
	GlobalSection(ProjectConfigurationPlatforms) = postSolution
		{14BDED74-CA00-4C35-A192-CA8A59DC67C3}.Debug|Any CPU.ActiveCfg = Debug|Any CPU
		{14BDED74-CA00-4C35-A192-CA8A59DC67C3}.Debug|Any CPU.Build.0 = Debug|Any CPU
		{14BDED74-CA00-4C35-A192-CA8A59DC67C3}.Release|Any CPU.ActiveCfg = Release|Any CPU
		{14BDED74-CA00-4C35-A192-CA8A59DC67C3}.Release|Any CPU.Build.0 = Release|Any CPU
	EndGlobalSection
	GlobalSection(SolutionProperties) = preSolution
		HideSolutionNode = FALSE
	EndGlobalSection
	GlobalSection(ExtensibilityGlobals) = postSolution
		SolutionGuid = {55625D11-6896-45F4-BE99-D74108A2D579}
	EndGlobalSection
EndGlobal
